
Microsoft Visual Studio Solution File, Format Version 11.00
# Visual Studio 2010
Project("{FAE04EC0-301F-11D3-BF4B-00C04F79EFBC}") = "Exult", "Exult\Exult.csproj", "{C39CA145-495C-45C4-8BC5-8F6761989E84}"
EndProject
Project("{FAE04EC0-301F-11D3-BF4B-00C04F79EFBC}") = "Exult.Sample.Blog", "Exult.Sample.Blog\Exult.Sample.Blog.csproj", "{0146A914-D8B7-4F19-A34E-FCBB041EEE39}"
EndProject
Project("{FAE04EC0-301F-11D3-BF4B-00C04F79EFBC}") = "Exult.Test", "Exult.Test\Exult.Test.csproj", "{2677CF89-58A4-40F5-A682-F2E6A7231B5E}"
EndProject
Project("{2150E333-8FDC-42A3-9474-1A3956D46DE8}") = "Solution Items", "Solution Items", "{EF886276-1F5F-44E3-B105-0B4D6F98DD37}"
	ProjectSection(SolutionItems) = preProject
		Exult.vsmdi = Exult.vsmdi
		Local.testsettings = Local.testsettings
		TraceAndTestImpact.testsettings = TraceAndTestImpact.testsettings
	EndProjectSection
EndProject
Global
	GlobalSection(TestCaseManagementSettings) = postSolution
		CategoryFile = Exult.vsmdi
	EndGlobalSection
	GlobalSection(SolutionConfigurationPlatforms) = preSolution
		Debug|Any CPU = Debug|Any CPU
		Release|Any CPU = Release|Any CPU
	EndGlobalSection
	GlobalSection(ProjectConfigurationPlatforms) = postSolution
		{C39CA145-495C-45C4-8BC5-8F6761989E84}.Debug|Any CPU.ActiveCfg = Debug|Any CPU
		{C39CA145-495C-45C4-8BC5-8F6761989E84}.Debug|Any CPU.Build.0 = Debug|Any CPU
		{C39CA145-495C-45C4-8BC5-8F6761989E84}.Release|Any CPU.ActiveCfg = Release|Any CPU
		{C39CA145-495C-45C4-8BC5-8F6761989E84}.Release|Any CPU.Build.0 = Release|Any CPU
		{0146A914-D8B7-4F19-A34E-FCBB041EEE39}.Debug|Any CPU.ActiveCfg = Debug|Any CPU
		{0146A914-D8B7-4F19-A34E-FCBB041EEE39}.Debug|Any CPU.Build.0 = Debug|Any CPU
		{0146A914-D8B7-4F19-A34E-FCBB041EEE39}.Release|Any CPU.ActiveCfg = Release|Any CPU
		{0146A914-D8B7-4F19-A34E-FCBB041EEE39}.Release|Any CPU.Build.0 = Release|Any CPU
		{2677CF89-58A4-40F5-A682-F2E6A7231B5E}.Debug|Any CPU.ActiveCfg = Debug|Any CPU
		{2677CF89-58A4-40F5-A682-F2E6A7231B5E}.Debug|Any CPU.Build.0 = Debug|Any CPU
		{2677CF89-58A4-40F5-A682-F2E6A7231B5E}.Release|Any CPU.ActiveCfg = Release|Any CPU
		{2677CF89-58A4-40F5-A682-F2E6A7231B5E}.Release|Any CPU.Build.0 = Release|Any CPU
	EndGlobalSection
	GlobalSection(SolutionProperties) = preSolution
		HideSolutionNode = FALSE
	EndGlobalSection
EndGlobal
